
Microsoft Visual Studio Solution File, Format Version 12.00
# Visual Studio Version 17
VisualStudioVersion = 17.7.34031.279
MinimumVisualStudioVersion = 10.0.40219.1
Project("{FAE04EC0-301F-11D3-BF4B-00C04F79EFBC}") = "BscThead", "BscThead.csproj", "{D23B95FB-35EB-4635-AC3F-B2DBEBDDD768}"
EndProject
Global
	GlobalSection(SolutionConfigurationPlatforms) = preSolution
		Debug|Any CPU = Debug|Any CPU
		Release|Any CPU = Release|Any CPU
	EndGlobalSection
	GlobalSection(ProjectConfigurationPlatforms) = postSolution
		{D23B95FB-35EB-4635-AC3F-B2DBEBDDD768}.Debug|Any CPU.ActiveCfg = Debug|Any CPU
		{D23B95FB-35EB-4635-AC3F-B2DBEBDDD768}.Debug|Any CPU.Build.0 = Debug|Any CPU
		{D23B95FB-35EB-4635-AC3F-B2DBEBDDD768}.Release|Any CPU.ActiveCfg = Release|Any CPU
		{D23B95FB-35EB-4635-AC3F-B2DBEBDDD768}.Release|Any CPU.Build.0 = Release|Any CPU
	EndGlobalSection
	GlobalSection(SolutionProperties) = preSolution
		HideSolutionNode = FALSE
	EndGlobalSection
	GlobalSection(ExtensibilityGlobals) = postSolution
		SolutionGuid = {C2ABFE53-6DFC-4CA1-A895-235113A2D7CD}
	EndGlobalSection
EndGlobal
